# This file is automatically @generated by Cargo.
# It is not intended for manual editing.
version = 3

[[package]]
name = "cfg-if"
version = "1.0.0"
source = "registry+https://github.com/rust-lang/crates.io-index"
checksum = "baf1de4339761588bc0619e3cbc0120ee582ebb74b53b4efbf79117bd2da40fd"

[[package]]
name = "chardet"
version = "0.2.4"
source = "registry+https://github.com/rust-lang/crates.io-index"
checksum = "1a48563284b67c003ba0fb7243c87fab68885e1532c605704228a80238512e31"

[[package]]
name = "conver"
version = "0.1.0"
dependencies = [
 "chardet",
 "encoding_rs",
 "iconv",
]

[[package]]
name = "dyn_buf"
version = "0.1.0"
source = "registry+https://github.com/rust-lang/crates.io-index"
checksum = "74c57ab96715773d9cb9789b38eb7cbf04b3c6f5624a9d98f51761603376767c"

[[package]]
name = "encoding_rs"
version = "0.8.35"
source = "registry+https://github.com/rust-lang/crates.io-index"
checksum = "75030f3c4f45dafd7586dd6780965a8c7e8e285a5ecb86713e63a79c5b2766f3"
dependencies = [
 "cfg-if",
]

[[package]]
name = "iconv"
version = "0.1.1"
source = "registry+https://github.com/rust-lang/crates.io-index"
checksum = "07e6a7db0df823ef299ef75b6951975c7a1f9019910b3665614bac4161bab1a9"
dependencies = [
 "dyn_buf",
 "libc",
]

[[package]]
name = "libc"
version = "0.2.155"
source = "registry+https://github.com/rust-lang/crates.io-index"
checksum = "97b3888a4aecf77e811145cadf6eef5901f4782c53886191b2f693f24761847c"
