# This file is automatically @generated by Cargo.
# It is not intended for manual editing.
version = 3

[[package]]
name = "conver"
version = "0.1.0"
dependencies = [
 "iconv",
]

[[package]]
name = "dyn_buf"
version = "0.1.0"
source = "registry+https://github.com/rust-lang/crates.io-index"
checksum = "74c57ab96715773d9cb9789b38eb7cbf04b3c6f5624a9d98f51761603376767c"

[[package]]
name = "iconv"
version = "0.1.1"
source = "registry+https://github.com/rust-lang/crates.io-index"
checksum = "07e6a7db0df823ef299ef75b6951975c7a1f9019910b3665614bac4161bab1a9"
dependencies = [
 "dyn_buf",
 "libc",
]

[[package]]
name = "libc"
version = "0.2.155"
source = "registry+https://github.com/rust-lang/crates.io-index"
checksum = "97b3888a4aecf77e811145cadf6eef5901f4782c53886191b2f693f24761847c"
